
Microsoft Visual Studio Solution File, Format Version 12.00
# Visual Studio 15
VisualStudioVersion = 15.0.27703.2000
MinimumVisualStudioVersion = 10.0.40219.1
Project("{FAE04EC0-301F-11D3-BF4B-00C04F79EFBC}") = "Rajinibon", "Rajinibon\Rajinibon.csproj", "{1A65EF87-EAA5-49CB-822B-C1349C2C8DFD}"
EndProject
Project("{FAE04EC0-301F-11D3-BF4B-00C04F79EFBC}") = "Rajinibon.Task", "Rajinibon.Task\Rajinibon.Task.csproj", "{147D0BAE-C094-4BBC-A467-6B07986D2BC4}"
EndProject
Project("{FAE04EC0-301F-11D3-BF4B-00C04F79EFBC}") = "Rajinibon.SentMessage", "Rajinibon.SentMessage\Rajinibon.SentMessage.csproj", "{93D0CDD3-F764-43D9-9217-A11366E1DD2D}"
EndProject
Global
	GlobalSection(SolutionConfigurationPlatforms) = preSolution
		Debug|Any CPU = Debug|Any CPU
		Release|Any CPU = Release|Any CPU
	EndGlobalSection
	GlobalSection(ProjectConfigurationPlatforms) = postSolution
		{1A65EF87-EAA5-49CB-822B-C1349C2C8DFD}.Debug|Any CPU.ActiveCfg = Debug|Any CPU
		{1A65EF87-EAA5-49CB-822B-C1349C2C8DFD}.Debug|Any CPU.Build.0 = Debug|Any CPU
		{1A65EF87-EAA5-49CB-822B-C1349C2C8DFD}.Release|Any CPU.ActiveCfg = Release|Any CPU
		{1A65EF87-EAA5-49CB-822B-C1349C2C8DFD}.Release|Any CPU.Build.0 = Release|Any CPU
		{147D0BAE-C094-4BBC-A467-6B07986D2BC4}.Debug|Any CPU.ActiveCfg = Debug|Any CPU
		{147D0BAE-C094-4BBC-A467-6B07986D2BC4}.Debug|Any CPU.Build.0 = Debug|Any CPU
		{147D0BAE-C094-4BBC-A467-6B07986D2BC4}.Release|Any CPU.ActiveCfg = Release|Any CPU
		{147D0BAE-C094-4BBC-A467-6B07986D2BC4}.Release|Any CPU.Build.0 = Release|Any CPU
		{93D0CDD3-F764-43D9-9217-A11366E1DD2D}.Debug|Any CPU.ActiveCfg = Debug|Any CPU
		{93D0CDD3-F764-43D9-9217-A11366E1DD2D}.Debug|Any CPU.Build.0 = Debug|Any CPU
		{93D0CDD3-F764-43D9-9217-A11366E1DD2D}.Release|Any CPU.ActiveCfg = Release|Any CPU
		{93D0CDD3-F764-43D9-9217-A11366E1DD2D}.Release|Any CPU.Build.0 = Release|Any CPU
	EndGlobalSection
	GlobalSection(SolutionProperties) = preSolution
		HideSolutionNode = FALSE
	EndGlobalSection
	GlobalSection(ExtensibilityGlobals) = postSolution
		SolutionGuid = {DAB17CE0-0D4F-490E-B689-13D80D67C60C}
	EndGlobalSection
EndGlobal
